
Microsoft Visual Studio Solution File, Format Version 12.00
# Visual Studio Version 17
VisualStudioVersion = 17.0.31919.166
MinimumVisualStudioVersion = 10.0.40219.1
Project("{9A19103F-16F7-4668-BE54-9A1E7A4F7556}") = "Task3", "Task3\Task3.csproj", "{38B1026D-B151-4A21-85D2-11DE496F164C}"
EndProject
Project("{9A19103F-16F7-4668-BE54-9A1E7A4F7556}") = "Task1", "Task1\Task1.csproj", "{D1806F55-D50D-4393-9994-8B8B0C4B2CD4}"
EndProject
Project("{9A19103F-16F7-4668-BE54-9A1E7A4F7556}") = "Task2", "Task2\Task2\Task2.csproj", "{8FB9ADA3-110C-459A-8B02-83B54DE74059}"
EndProject
Project("{9A19103F-16F7-4668-BE54-9A1E7A4F7556}") = "FinalTask", "Task4\Task4\FinalTask.csproj", "{CC3B702E-C8BC-4431-9D1A-915B0D39F5C1}"
EndProject
Global
	GlobalSection(SolutionConfigurationPlatforms) = preSolution
		Debug|Any CPU = Debug|Any CPU
		Release|Any CPU = Release|Any CPU
	EndGlobalSection
	GlobalSection(ProjectConfigurationPlatforms) = postSolution
		{38B1026D-B151-4A21-85D2-11DE496F164C}.Debug|Any CPU.ActiveCfg = Debug|Any CPU
		{38B1026D-B151-4A21-85D2-11DE496F164C}.Debug|Any CPU.Build.0 = Debug|Any CPU
		{38B1026D-B151-4A21-85D2-11DE496F164C}.Release|Any CPU.ActiveCfg = Release|Any CPU
		{38B1026D-B151-4A21-85D2-11DE496F164C}.Release|Any CPU.Build.0 = Release|Any CPU
		{D1806F55-D50D-4393-9994-8B8B0C4B2CD4}.Debug|Any CPU.ActiveCfg = Debug|Any CPU
		{D1806F55-D50D-4393-9994-8B8B0C4B2CD4}.Debug|Any CPU.Build.0 = Debug|Any CPU
		{D1806F55-D50D-4393-9994-8B8B0C4B2CD4}.Release|Any CPU.ActiveCfg = Release|Any CPU
		{D1806F55-D50D-4393-9994-8B8B0C4B2CD4}.Release|Any CPU.Build.0 = Release|Any CPU
		{8FB9ADA3-110C-459A-8B02-83B54DE74059}.Debug|Any CPU.ActiveCfg = Debug|Any CPU
		{8FB9ADA3-110C-459A-8B02-83B54DE74059}.Debug|Any CPU.Build.0 = Debug|Any CPU
		{8FB9ADA3-110C-459A-8B02-83B54DE74059}.Release|Any CPU.ActiveCfg = Release|Any CPU
		{8FB9ADA3-110C-459A-8B02-83B54DE74059}.Release|Any CPU.Build.0 = Release|Any CPU
		{CC3B702E-C8BC-4431-9D1A-915B0D39F5C1}.Debug|Any CPU.ActiveCfg = Debug|Any CPU
		{CC3B702E-C8BC-4431-9D1A-915B0D39F5C1}.Debug|Any CPU.Build.0 = Debug|Any CPU
		{CC3B702E-C8BC-4431-9D1A-915B0D39F5C1}.Release|Any CPU.ActiveCfg = Release|Any CPU
		{CC3B702E-C8BC-4431-9D1A-915B0D39F5C1}.Release|Any CPU.Build.0 = Release|Any CPU
	EndGlobalSection
	GlobalSection(SolutionProperties) = preSolution
		HideSolutionNode = FALSE
	EndGlobalSection
	GlobalSection(ExtensibilityGlobals) = postSolution
		SolutionGuid = {3BF445F6-E84A-4C64-93CE-419129B51BC9}
	EndGlobalSection
EndGlobal
